
Microsoft Visual Studio Solution File, Format Version 12.00
# Visual Studio 2013
VisualStudioVersion = 12.0.31101.0
MinimumVisualStudioVersion = 10.0.40219.1
Project("{F2A71F9B-5D33-465A-A702-920D77279786}") = "TheIdd", "TheIdd\TheIdd.fsproj", "{AFE51A98-D46F-412F-9589-081C2EBAB7EC}"
EndProject
Global
	GlobalSection(SolutionConfigurationPlatforms) = preSolution
		Debug|Any CPU = Debug|Any CPU
		Release|Any CPU = Release|Any CPU
	EndGlobalSection
	GlobalSection(ProjectConfigurationPlatforms) = postSolution
		{AFE51A98-D46F-412F-9589-081C2EBAB7EC}.Debug|Any CPU.ActiveCfg = Debug|Any CPU
		{AFE51A98-D46F-412F-9589-081C2EBAB7EC}.Debug|Any CPU.Build.0 = Debug|Any CPU
		{AFE51A98-D46F-412F-9589-081C2EBAB7EC}.Release|Any CPU.ActiveCfg = Release|Any CPU
		{AFE51A98-D46F-412F-9589-081C2EBAB7EC}.Release|Any CPU.Build.0 = Release|Any CPU
	EndGlobalSection
	GlobalSection(SolutionProperties) = preSolution
		HideSolutionNode = FALSE
	EndGlobalSection
EndGlobal
